
Microsoft Visual Studio Solution File, Format Version 12.00
# Visual Studio Version 17
VisualStudioVersion = 17.4.33122.133
MinimumVisualStudioVersion = 10.0.40219.1
Project("{9A19103F-16F7-4668-BE54-9A1E7A4F7556}") = "Perseus.Core", "Perseus.Core\Perseus.Core.csproj", "{B8657992-7857-47EC-BBFC-4EEBD9ECD612}"
EndProject
Project("{9A19103F-16F7-4668-BE54-9A1E7A4F7556}") = "Perseus.Mvvm", "Perseus.Mvvm\Perseus.Mvvm.csproj", "{F5B81DC4-6577-40A4-BA2A-5E6F46A03155}"
EndProject
Project("{9A19103F-16F7-4668-BE54-9A1E7A4F7556}") = "Perseus.Models", "Perseus.Models\Perseus.Models.csproj", "{A5D1A36F-1580-4A11-81A4-AECDA6EA1F30}"
EndProject
Project("{2150E333-8FDC-42A3-9474-1A3956D46DE8}") = "Solution Items", "Solution Items", "{E1804063-AB21-460D-94A2-69781C80B2ED}"
	ProjectSection(SolutionItems) = preProject
		nuget.secret = nuget.secret
	EndProjectSection
EndProject
Project("{FAE04EC0-301F-11D3-BF4B-00C04F79EFBC}") = "Perseus.Mobile.MAUI", "Perseus.Mobile.MAUI\Perseus.Mobile.MAUI.csproj", "{5D349D26-C3D7-47F4-A32F-26EE4AD0F8CA}"
EndProject
Project("{FAE04EC0-301F-11D3-BF4B-00C04F79EFBC}") = "Perseus.Core.Tests", "Perseus.Core.Tests\Perseus.Core.Tests.csproj", "{4113E3D6-DE08-4E8D-AFC5-1F14AE87911E}"
EndProject
Global
	GlobalSection(SolutionConfigurationPlatforms) = preSolution
		Debug|Any CPU = Debug|Any CPU
		Release|Any CPU = Release|Any CPU
	EndGlobalSection
	GlobalSection(ProjectConfigurationPlatforms) = postSolution
		{B8657992-7857-47EC-BBFC-4EEBD9ECD612}.Debug|Any CPU.ActiveCfg = Release|Any CPU
		{B8657992-7857-47EC-BBFC-4EEBD9ECD612}.Debug|Any CPU.Build.0 = Release|Any CPU
		{B8657992-7857-47EC-BBFC-4EEBD9ECD612}.Release|Any CPU.ActiveCfg = Release|Any CPU
		{B8657992-7857-47EC-BBFC-4EEBD9ECD612}.Release|Any CPU.Build.0 = Release|Any CPU
		{F5B81DC4-6577-40A4-BA2A-5E6F46A03155}.Debug|Any CPU.ActiveCfg = Release|Any CPU
		{F5B81DC4-6577-40A4-BA2A-5E6F46A03155}.Debug|Any CPU.Build.0 = Release|Any CPU
		{F5B81DC4-6577-40A4-BA2A-5E6F46A03155}.Release|Any CPU.ActiveCfg = Release|Any CPU
		{F5B81DC4-6577-40A4-BA2A-5E6F46A03155}.Release|Any CPU.Build.0 = Release|Any CPU
		{A5D1A36F-1580-4A11-81A4-AECDA6EA1F30}.Debug|Any CPU.ActiveCfg = Debug|Any CPU
		{A5D1A36F-1580-4A11-81A4-AECDA6EA1F30}.Debug|Any CPU.Build.0 = Debug|Any CPU
		{A5D1A36F-1580-4A11-81A4-AECDA6EA1F30}.Release|Any CPU.ActiveCfg = Release|Any CPU
		{A5D1A36F-1580-4A11-81A4-AECDA6EA1F30}.Release|Any CPU.Build.0 = Release|Any CPU
		{5D349D26-C3D7-47F4-A32F-26EE4AD0F8CA}.Debug|Any CPU.ActiveCfg = Debug|Any CPU
		{5D349D26-C3D7-47F4-A32F-26EE4AD0F8CA}.Debug|Any CPU.Build.0 = Debug|Any CPU
		{5D349D26-C3D7-47F4-A32F-26EE4AD0F8CA}.Release|Any CPU.ActiveCfg = Release|Any CPU
		{5D349D26-C3D7-47F4-A32F-26EE4AD0F8CA}.Release|Any CPU.Build.0 = Release|Any CPU
		{4113E3D6-DE08-4E8D-AFC5-1F14AE87911E}.Debug|Any CPU.ActiveCfg = Debug|Any CPU
		{4113E3D6-DE08-4E8D-AFC5-1F14AE87911E}.Debug|Any CPU.Build.0 = Debug|Any CPU
		{4113E3D6-DE08-4E8D-AFC5-1F14AE87911E}.Release|Any CPU.ActiveCfg = Release|Any CPU
		{4113E3D6-DE08-4E8D-AFC5-1F14AE87911E}.Release|Any CPU.Build.0 = Release|Any CPU
	EndGlobalSection
	GlobalSection(SolutionProperties) = preSolution
		HideSolutionNode = FALSE
	EndGlobalSection
	GlobalSection(ExtensibilityGlobals) = postSolution
		SolutionGuid = {42693779-C365-407E-8038-9EA44540228F}
	EndGlobalSection
EndGlobal
